
Microsoft Visual Studio Solution File, Format Version 12.00
# Visual Studio Version 16
VisualStudioVersion = 16.0.29926.136
MinimumVisualStudioVersion = 10.0.40219.1
Project("{FAE04EC0-301F-11D3-BF4B-00C04F79EFBC}") = "parcer", "parcer.csproj", "{FDE788F0-F88F-4A1F-9046-DC44B7523B8F}"
EndProject
Global
	GlobalSection(SolutionConfigurationPlatforms) = preSolution
		Debug|Any CPU = Debug|Any CPU
		Release|Any CPU = Release|Any CPU
	EndGlobalSection
	GlobalSection(ProjectConfigurationPlatforms) = postSolution
		{FDE788F0-F88F-4A1F-9046-DC44B7523B8F}.Debug|Any CPU.ActiveCfg = Debug|Any CPU
		{FDE788F0-F88F-4A1F-9046-DC44B7523B8F}.Debug|Any CPU.Build.0 = Debug|Any CPU
		{FDE788F0-F88F-4A1F-9046-DC44B7523B8F}.Release|Any CPU.ActiveCfg = Release|Any CPU
		{FDE788F0-F88F-4A1F-9046-DC44B7523B8F}.Release|Any CPU.Build.0 = Release|Any CPU
	EndGlobalSection
	GlobalSection(SolutionProperties) = preSolution
		HideSolutionNode = FALSE
	EndGlobalSection
	GlobalSection(ExtensibilityGlobals) = postSolution
		SolutionGuid = {2620B2E2-75DF-4B33-B169-89C3D5F585B8}
	EndGlobalSection
EndGlobal
